// !$*UTF8*$!
{
	archiveVersion = 1;
	classes = {
	};
	objectVersion = 50;
	objects = {

/* Begin PBXBuildFile section */
		95B1E35726D7737E00B7526E /* AppDelegate.swift in Sources */ = {isa = PBXBuildFile; fileRef = 95B1E35626D7737E00B7526E /* AppDelegate.swift */; };
		95B1E35926D7737E00B7526E /* SceneDelegate.swift in Sources */ = {isa = PBXBuildFile; fileRef = 95B1E35826D7737E00B7526E /* SceneDelegate.swift */; };
		95B1E35B26D7737E00B7526E /* ViewController.swift in Sources */ = {isa = PBXBuildFile; fileRef = 95B1E35A26D7737E00B7526E /* ViewController.swift */; };
		95B1E35E26D7737E00B7526E /* Main.storyboard in Resources */ = {isa = PBXBuildFile; fileRef = 95B1E35C26D7737E00B7526E /* Main.storyboard */; };
		95B1E36026D7738700B7526E /* Assets.xcassets in Resources */ = {isa = PBXBuildFile; fileRef = 95B1E35F26D7738700B7526E /* Assets.xcassets */; };
		95B1E36326D7738700B7526E /* LaunchScreen.storyboard in Resources */ = {isa = PBXBuildFile; fileRef = 95B1E36126D7738700B7526E /* LaunchScreen.storyboard */; };
/* End PBXBuildFile section */

/* Begin PBXFileReference section */
		95B1E35326D7737E00B7526E /* FacebookFriends.app */ = {isa = PBXFileReference; explicitFileType = wrapper.application; includeInIndex = 0; path = FacebookFriends.app; sourceTree = BUILT_PRODUCTS_DIR; };
		95B1E35626D7737E00B7526E /* AppDelegate.swift */ = {isa = PBXFileReference; lastKnownFileType = sourcecode.swift; path = AppDelegate.swift; sourceTree = "<group>"; };
		95B1E35826D7737E00B7526E /* SceneDelegate.swift */ = {isa = PBXFileReference; lastKnownFileType = sourcecode.swift; path = SceneDelegate.swift; sourceTree = "<group>"; };
		95B1E35A26D7737E00B7526E /* ViewController.swift */ = {isa = PBXFileReference; lastKnownFileType = sourcecode.swift; path = ViewController.swift; sourceTree = "<group>"; };
		95B1E35D26D7737E00B7526E /* Base */ = {isa = PBXFileReference; lastKnownFileType = file.storyboard; name = Base; path = Base.lproj/Main.storyboard; sourceTree = "<group>"; };
		95B1E35F26D7738700B7526E /* Assets.xcassets */ = {isa = PBXFileReference; lastKnownFileType = folder.assetcatalog; path = Assets.xcassets; sourceTree = "<group>"; };
		95B1E36226D7738700B7526E /* Base */ = {isa = PBXFileReference; lastKnownFileType = file.storyboard; name = Base; path = Base.lproj/LaunchScreen.storyboard; sourceTree = "<group>"; };
		95B1E36426D7738700B7526E /* Info.plist */ = {isa = PBXFileReference; lastKnownFileType = text.plist.xml; path = Info.plist; sourceTree = "<group>"; };
/* End PBXFileReference section */

/* Begin PBXFrameworksBuildPhase section */
		95B1E35026D7737E00B7526E /* Frameworks */ = {
			isa = PBXFrameworksBuildPhase;
			buildActionMask = 2147483647;
			files = (
			);
			runOnlyForDeploymentPostprocessing = 0;
		};
/* End PBXFrameworksBuildPhase section */

/* Begin PBXGroup section */
		95B1E34A26D7737E00B7526E = {
			isa = PBXGroup;
			children = (
				95B1E35526D7737E00B7526E /* FacebookFriends */,
				95B1E35426D7737E00B7526E /* Products */,
			);
			sourceTree = "<group>";
		};
		95B1E35426D7737E00B7526E /* Products */ = {
			isa = PBXGroup;
			children = (
				95B1E35326D7737E00B7526E /* FacebookFriends.app */,
			);
			name = Products;
			sourceTree = "<group>";
		};
		95B1E35526D7737E00B7526E /* FacebookFriends */ = {
			isa = PBXGroup;
			children = (
				95B1E36426D7738700B7526E /* Info.plist */,
				95B1E35626D7737E00B7526E /* AppDelegate.swift */,
				95B1E35826D7737E00B7526E /* SceneDelegate.swift */,
				95B1E36A26D774E500B7526E /* Assets */,
				95B1E36B26D7750300B7526E /* Scenes */,
			);
			path = FacebookFriends;
			sourceTree = "<group>";
		};
		95B1E36A26D774E500B7526E /* Assets */ = {
			isa = PBXGroup;
			children = (
				95B1E35C26D7737E00B7526E /* Main.storyboard */,
				95B1E36126D7738700B7526E /* LaunchScreen.storyboard */,
				95B1E35F26D7738700B7526E /* Assets.xcassets */,
			);
			path = Assets;
			sourceTree = "<group>";
		};
		95B1E36B26D7750300B7526E /* Scenes */ = {
			isa = PBXGroup;
			children = (
				95B1E35A26D7737E00B7526E /* ViewController.swift */,
			);
			path = Scenes;
			sourceTree = "<group>";
		};
/* End PBXGroup section */

/* Begin PBXNativeTarget section */
		95B1E35226D7737E00B7526E /* FacebookFriends */ = {
			isa = PBXNativeTarget;
			buildConfigurationList = 95B1E36726D7738700B7526E /* Build configuration list for PBXNativeTarget "FacebookFriends" */;
			buildPhases = (
				95B1E34F26D7737E00B7526E /* Sources */,
				95B1E35026D7737E00B7526E /* Frameworks */,
				95B1E35126D7737E00B7526E /* Resources */,
			);
			buildRules = (
			);
			dependencies = (
			);
			name = FacebookFriends;
			productName = FacebookFriends;
			productReference = 95B1E35326D7737E00B7526E /* FacebookFriends.app */;
			productType = "com.apple.product-type.application";
		};
/* End PBXNativeTarget section */

/* Begin PBXProject section */
		95B1E34B26D7737E00B7526E /* Project object */ = {
			isa = PBXProject;
			attributes = {
				LastSwiftUpdateCheck = 1250;
				LastUpgradeCheck = 1250;
				TargetAttributes = {
					95B1E35226D7737E00B7526E = {
						CreatedOnToolsVersion = 12.5;
					};
				};
			};
			buildConfigurationList = 95B1E34E26D7737E00B7526E /* Build configuration list for PBXProject "FacebookFriends" */;
			compatibilityVersion = "Xcode 9.3";
			developmentRegion = en;
			hasScannedForEncodings = 0;
			knownRegions = (
				en,
				Base,
			);
			mainGroup = 95B1E34A26D7737E00B7526E;
			productRefGroup = 95B1E35426D7737E00B7526E /* Products */;
			projectDirPath = "";
			projectRoot = "";
			targets = (
				95B1E35226D7737E00B7526E /* FacebookFriends */,
			);
		};
/* End PBXProject section */

/* Begin PBXResourcesBuildPhase section */
		95B1E35126D7737E00B7526E /* Resources */ = {
			isa = PBXResourcesBuildPhase;
			buildActionMask = 2147483647;
			files = (
				95B1E36326D7738700B7526E /* LaunchScreen.storyboard in Resources */,
				95B1E36026D7738700B7526E /* Assets.xcassets in Resources */,
				95B1E35E26D7737E00B7526E /* Main.storyboard in Resources */,
			);
			runOnlyForDeploymentPostprocessing = 0;
		};
/* End PBXResourcesBuildPhase section */

/* Begin PBXSourcesBuildPhase section */
		95B1E34F26D7737E00B7526E /* Sources */ = {
			isa = PBXSourcesBuildPhase;
			buildActionMask = 2147483647;
			files = (
				95B1E35B26D7737E00B7526E /* ViewController.swift in Sources */,
				95B1E35726D7737E00B7526E /* AppDelegate.swift in Sources */,
				95B1E35926D7737E00B7526E /* SceneDelegate.swift in Sources */,
			);
			runOnlyForDeploymentPostprocessing = 0;
		};
/* End PBXSourcesBuildPhase section */

/* Begin PBXVariantGroup section */
		95B1E35C26D7737E00B7526E /* Main.storyboard */ = {
			isa = PBXVariantGroup;
			children = (
				95B1E35D26D7737E00B7526E /* Base */,
			);
			name = Main.storyboard;
			sourceTree = "<group>";
		};
		95B1E36126D7738700B7526E /* LaunchScreen.storyboard */ = {
			isa = PBXVariantGroup;
			children = (
				95B1E36226D7738700B7526E /* Base */,
			);
			name = LaunchScreen.storyboard;
			sourceTree = "<group>";
		};
/* End PBXVariantGroup section */

/* Begin XCBuildConfiguration section */
		95B1E36526D7738700B7526E /* Debug */ = {
			isa = XCBuildConfiguration;
			buildSettings = {
				ALWAYS_SEARCH_USER_PATHS = NO;
				CLANG_ANALYZER_NONNULL = YES;
				CLANG_ANALYZER_NUMBER_OBJECT_CONVERSION = YES_AGGRESSIVE;
				CLANG_CXX_LANGUAGE_STANDARD = "gnu++14";
				CLANG_CXX_LIBRARY = "libc++";
				CLANG_ENABLE_MODULES = YES;
				CLANG_ENABLE_OBJC_ARC = YES;
				CLANG_ENABLE_OBJC_WEAK = YES;
				CLANG_WARN_BLOCK_CAPTURE_AUTORELEASING = YES;
				CLANG_WARN_BOOL_CONVERSION = YES;
				CLANG_WARN_COMMA = YES;
				CLANG_WARN_CONSTANT_CONVERSION = YES;
				CLANG_WARN_DEPRECATED_OBJC_IMPLEMENTATIONS = YES;
				CLANG_WARN_DIRECT_OBJC_ISA_USAGE = YES_ERROR;
				CLANG_WARN_DOCUMENTATION_COMMENTS = YES;
				CLANG_WARN_EMPTY_BODY = YES;
				CLANG_WARN_ENUM_CONVERSION = YES;
				CLANG_WARN_INFINITE_RECURSION = YES;
				CLANG_WARN_INT_CONVERSION = YES;
				CLANG_WARN_NON_LITERAL_NULL_CONVERSION = YES;
				CLANG_WARN_OBJC_IMPLICIT_RETAIN_SELF = YES;
				CLANG_WARN_OBJC_LITERAL_CONVERSION = YES;
				CLANG_WARN_OBJC_ROOT_CLASS = YES_ERROR;
				CLANG_WARN_QUOTED_INCLUDE_IN_FRAMEWORK_HEADER = YES;
				CLANG_WARN_RANGE_LOOP_ANALYSIS = YES;
				CLANG_WARN_STRICT_PROTOTYPES = YES;
				CLANG_WARN_SUSPICIOUS_MOVE = YES;
				CLANG_WARN_UNGUARDED_AVAILABILITY = YES_AGGRESSIVE;
				CLANG_WARN_UNREACHABLE_CODE = YES;
				CLANG_WARN__DUPLICATE_METHOD_MATCH = YES;
				COPY_PHASE_STRIP = NO;
				DEBUG_INFORMATION_FORMAT = dwarf;
				ENABLE_STRICT_OBJC_MSGSEND = YES;
				ENABLE_TESTABILITY = YES;
				GCC_C_LANGUAGE_STANDARD = gnu11;
				GCC_DYNAMIC_NO_PIC = NO;
				GCC_NO_COMMON_BLOCKS = YES;
				GCC_OPTIMIZATION_LEVEL = 0;
				GCC_PREPROCESSOR_DEFINITIONS = (
					"DEBUG=1",
					"$(inherited)",
				);
				GCC_WARN_64_TO_32_BIT_CONVERSION = YES;
				GCC_WARN_ABOUT_RETURN_TYPE = YES_ERROR;
				GCC_WARN_UNDECLARED_SELECTOR = YES;
				GCC_WARN_UNINITIALIZED_AUTOS = YES_AGGRESSIVE;
				GCC_WARN_UNUSED_FUNCTION = YES;
				GCC_WARN_UNUSED_VARIABLE = YES;
				IPHONEOS_DEPLOYMENT_TARGET = 11.0;
				MTL_ENABLE_DEBUG_INFO = INCLUDE_SOURCE;
				MTL_FAST_MATH = YES;
				ONLY_ACTIVE_ARCH = YES;
				SDKROOT = iphoneos;
				SWIFT_ACTIVE_COMPILATION_CONDITIONS = DEBUG;
				SWIFT_OPTIMIZATION_LEVEL = "-Onone";
			};
			name = Debug;
		};
		95B1E36626D7738700B7526E /* Release */ = {
			isa = XCBuildConfiguration;
			buildSettings = {
				ALWAYS_SEARCH_USER_PATHS = NO;
				CLANG_ANALYZER_NONNULL = YES;
				CLANG_ANALYZER_NUMBER_OBJECT_CONVERSION = YES_AGGRESSIVE;
				CLANG_CXX_LANGUAGE_STANDARD = "gnu++14";
				CLANG_CXX_LIBRARY = "libc++";
				CLANG_ENABLE_MODULES = YES;
				CLANG_ENABLE_OBJC_ARC = YES;
				CLANG_ENABLE_OBJC_WEAK = YES;
				CLANG_WARN_BLOCK_CAPTURE_AUTORELEASING = YES;
				CLANG_WARN_BOOL_CONVERSION = YES;
				CLANG_WARN_COMMA = YES;
				CLANG_WARN_CONSTANT_CONVERSION = YES;
				CLANG_WARN_DEPRECATED_OBJC_IMPLEMENTATIONS = YES;
				CLANG_WARN_DIRECT_OBJC_ISA_USAGE = YES_ERROR;
				CLANG_WARN_DOCUMENTATION_COMMENTS = YES;
				CLANG_WARN_EMPTY_BODY = YES;
				CLANG_WARN_ENUM_CONVERSION = YES;
				CLANG_WARN_INFINITE_RECURSION = YES;
				CLANG_WARN_INT_CONVERSION = YES;
				CLANG_WARN_NON_LITERAL_NULL_CONVERSION = YES;
				CLANG_WARN_OBJC_IMPLICIT_RETAIN_SELF = YES;
				CLANG_WARN_OBJC_LITERAL_CONVERSION = YES;
				CLANG_WARN_OBJC_ROOT_CLASS = YES_ERROR;
				CLANG_WARN_QUOTED_INCLUDE_IN_FRAMEWORK_HEADER = YES;
				CLANG_WARN_RANGE_LOOP_ANALYSIS = YES;
				CLANG_WARN_STRICT_PROTOTYPES = YES;
				CLANG_WARN_SUSPICIOUS_MOVE = YES;
				CLANG_WARN_UNGUARDED_AVAILABILITY = YES_AGGRESSIVE;
				CLANG_WARN_UNREACHABLE_CODE = YES;
				CLANG_WARN__DUPLICATE_METHOD_MATCH = YES;
				COPY_PHASE_STRIP = NO;
				DEBUG_INFORMATION_FORMAT = "dwarf-with-dsym";
				ENABLE_NS_ASSERTIONS = NO;
				ENABLE_STRICT_OBJC_MSGSEND = YES;
				GCC_C_LANGUAGE_STANDARD = gnu11;
				GCC_NO_COMMON_BLOCKS = YES;
				GCC_WARN_64_TO_32_BIT_CONVERSION = YES;
				GCC_WARN_ABOUT_RETURN_TYPE = YES_ERROR;
				GCC_WARN_UNDECLARED_SELECTOR = YES;
				GCC_WARN_UNINITIALIZED_AUTOS = YES_AGGRESSIVE;
				GCC_WARN_UNUSED_FUNCTION = YES;
				GCC_WARN_UNUSED_VARIABLE = YES;
				IPHONEOS_DEPLOYMENT_TARGET = 11.0;
				MTL_ENABLE_DEBUG_INFO = NO;
				MTL_FAST_MATH = YES;
				SDKROOT = iphoneos;
				SWIFT_COMPILATION_MODE = wholemodule;
				SWIFT_OPTIMIZATION_LEVEL = "-O";
				VALIDATE_PRODUCT = YES;
			};
			name = Release;
		};
		95B1E36826D7738700B7526E /* Debug */ = {
			isa = XCBuildConfiguration;
			buildSettings = {
				ASSETCATALOG_COMPILER_APPICON_NAME = AppIcon;
				ASSETCATALOG_COMPILER_GLOBAL_ACCENT_COLOR_NAME = AccentColor;
				CODE_SIGN_STYLE = Automatic;
				INFOPLIST_FILE = FacebookFriends/Info.plist;
				IPHONEOS_DEPLOYMENT_TARGET = 11.0;
				LD_RUNPATH_SEARCH_PATHS = (
					"$(inherited)",
					"@executable_path/Frameworks",
				);
				PRODUCT_BUNDLE_IDENTIFIER = com.FacebookFriends;
				PRODUCT_NAME = "$(TARGET_NAME)";
				SWIFT_VERSION = 5.0;
				TARGETED_DEVICE_FAMILY = "1,2";
			};
			name = Debug;
		};
		95B1E36926D7738700B7526E /* Release */ = {
			isa = XCBuildConfiguration;
			buildSettings = {
				ASSETCATALOG_COMPILER_APPICON_NAME = AppIcon;
				ASSETCATALOG_COMPILER_GLOBAL_ACCENT_COLOR_NAME = AccentColor;
				CODE_SIGN_STYLE = Automatic;
				INFOPLIST_FILE = FacebookFriends/Info.plist;
				IPHONEOS_DEPLOYMENT_TARGET = 11.0;
				LD_RUNPATH_SEARCH_PATHS = (
					"$(inherited)",
					"@executable_path/Frameworks",
				);
				PRODUCT_BUNDLE_IDENTIFIER = com.FacebookFriends;
				PRODUCT_NAME = "$(TARGET_NAME)";
				SWIFT_VERSION = 5.0;
				TARGETED_DEVICE_FAMILY = "1,2";
			};
			name = Release;
		};
/* End XCBuildConfiguration section */

/* Begin XCConfigurationList section */
		95B1E34E26D7737E00B7526E /* Build configuration list for PBXProject "FacebookFriends" */ = {
			isa = XCConfigurationList;
			buildConfigurations = (
				95B1E36526D7738700B7526E /* Debug */,
				95B1E36626D7738700B7526E /* Release */,
			);
			defaultConfigurationIsVisible = 0;
			defaultConfigurationName = Release;
		};
		95B1E36726D7738700B7526E /* Build configuration list for PBXNativeTarget "FacebookFriends" */ = {
			isa = XCConfigurationList;
			buildConfigurations = (
				95B1E36826D7738700B7526E /* Debug */,
				95B1E36926D7738700B7526E /* Release */,
			);
			defaultConfigurationIsVisible = 0;
			defaultConfigurationName = Release;
		};
/* End XCConfigurationList section */
	};
	rootObject = 95B1E34B26D7737E00B7526E /* Project object */;
}
